
Microsoft Visual Studio Solution File, Format Version 12.00
# Visual Studio 15
VisualStudioVersion = 15.0.28307.329
MinimumVisualStudioVersion = 10.0.40219.1
Project("{FAE04EC0-301F-11D3-BF4B-00C04F79EFBC}") = "webEval", "webEval\webEval.csproj", "{7D410951-72AA-4666-ACFE-30502B59E207}"
EndProject
Global
	GlobalSection(SolutionConfigurationPlatforms) = preSolution
		Debug|Any CPU = Debug|Any CPU
		Release|Any CPU = Release|Any CPU
	EndGlobalSection
	GlobalSection(ProjectConfigurationPlatforms) = postSolution
		{7D410951-72AA-4666-ACFE-30502B59E207}.Debug|Any CPU.ActiveCfg = Debug|Any CPU
		{7D410951-72AA-4666-ACFE-30502B59E207}.Debug|Any CPU.Build.0 = Debug|Any CPU
		{7D410951-72AA-4666-ACFE-30502B59E207}.Release|Any CPU.ActiveCfg = Release|Any CPU
		{7D410951-72AA-4666-ACFE-30502B59E207}.Release|Any CPU.Build.0 = Release|Any CPU
	EndGlobalSection
	GlobalSection(SolutionProperties) = preSolution
		HideSolutionNode = FALSE
	EndGlobalSection
	GlobalSection(ExtensibilityGlobals) = postSolution
		SolutionGuid = {92A22466-0407-4A8C-B55A-6049A2A4E1D0}
	EndGlobalSection
EndGlobal
